{
  "pins" : [
    {
      "identity" : "alamofire",
      "kind" : "remoteSourceControl",
      "location" : "https://github.com/Alamofire/Alamofire",
      "state" : {
        "branch" : "master",
        "revision" : "51d67100121d586c9d15ec0227de96442af4dd6d"
      }
    },
    {
      "identity" : "swiftyjson",
      "kind" : "remoteSourceControl",
      "location" : "https://github.com/SwiftyJSON/SwiftyJSON",
      "state" : {
        "branch" : "master",
        "revision" : "b3dcd7dbd0d488e1a7077cb33b00f2083e382f07"
      }
    }
  ],
  "version" : 2
}
